
Microsoft Visual Studio Solution File, Format Version 12.00
# Visual Studio 15
VisualStudioVersion = 15.0.26124.0
MinimumVisualStudioVersion = 15.0.26124.0
Project("{FAE04EC0-301F-11D3-BF4B-00C04F79EFBC}") = "Template.Game", "Template.Game\Template.Game.csproj", "{F2524BEF-CD40-4F05-8BB8-87102E573D03}"
EndProject
Project("{2150E333-8FDC-42A3-9474-1A3956D46DE8}") = "RobustToolbox", "RobustToolbox", "{F5F87A9D-C304-4833-B107-D666317F6931}"
EndProject
Project("{FAE04EC0-301F-11D3-BF4B-00C04F79EFBC}") = "Robust.Client", "RobustToolbox\Robust.Client\Robust.Client.csproj", "{2A829DE3-FCB2-4FEA-A6F3-B85122C8D11E}"
EndProject
Project("{FAE04EC0-301F-11D3-BF4B-00C04F79EFBC}") = "Robust.Physics", "RobustToolbox\Robust.Physics\Robust.Physics.csproj", "{97EBBD32-8980-4243-9F90-BC7075B3EC8F}"
EndProject
Project("{FAE04EC0-301F-11D3-BF4B-00C04F79EFBC}") = "Robust.Shared", "RobustToolbox\Robust.Shared\Robust.Shared.csproj", "{B4D5BABE-B7C5-4D73-9F8F-B5411866A1BE}"
EndProject
Project("{FAE04EC0-301F-11D3-BF4B-00C04F79EFBC}") = "Robust.Shared.Maths", "RobustToolbox\Robust.Shared.Maths\Robust.Shared.Maths.csproj", "{09D5BA00-5066-4FDF-81C5-DC5E469DB11F}"
EndProject
Project("{FAE04EC0-301F-11D3-BF4B-00C04F79EFBC}") = "Robust.Shared.Scripting", "RobustToolbox\Robust.Shared.Scripting\Robust.Shared.Scripting.csproj", "{7B565BBE-97BE-4964-BA30-E9B8F70978ED}"
EndProject
Project("{2150E333-8FDC-42A3-9474-1A3956D46DE8}") = "NetSerializer", "NetSerializer", "{FBA7FDE5-3884-4C46-A14E-3CDDC9091007}"
EndProject
Project("{FAE04EC0-301F-11D3-BF4B-00C04F79EFBC}") = "NetSerializer", "RobustToolbox\NetSerializer\NetSerializer\NetSerializer.csproj", "{7D6AC09C-D5A1-436E-9437-BD3B3FCD3B64}"
EndProject
Project("{FAE04EC0-301F-11D3-BF4B-00C04F79EFBC}") = "Lidgren.Network", "RobustToolbox\Lidgren.Network\Lidgren.Network.csproj", "{12D598FD-8FFA-4BAF-8594-FDB9834144FF}"
EndProject
Project("{2150E333-8FDC-42A3-9474-1A3956D46DE8}") = "XamlX", "XamlX", "{7D767ECE-DA99-4941-ADF3-D89FB8A58719}"
EndProject
Project("{2150E333-8FDC-42A3-9474-1A3956D46DE8}") = "src", "src", "{91AF0388-356D-4929-9A86-1B1F5196E921}"
EndProject
Project("{FAE04EC0-301F-11D3-BF4B-00C04F79EFBC}") = "XamlX", "RobustToolbox\XamlX\src\XamlX\XamlX.csproj", "{7380FFC8-AFEF-4B66-8426-2D8E34221CF4}"
EndProject
Project("{FAE04EC0-301F-11D3-BF4B-00C04F79EFBC}") = "XamlX.IL.Cecil", "RobustToolbox\XamlX\src\XamlX.IL.Cecil\XamlX.IL.Cecil.csproj", "{A406137A-DEC7-4CC5-99A8-6595ACC70B92}"
EndProject
Project("{FAE04EC0-301F-11D3-BF4B-00C04F79EFBC}") = "XamlX.Runtime", "RobustToolbox\XamlX\src\XamlX.Runtime\XamlX.Runtime.csproj", "{19BC1F51-45E8-4BA6-854C-FDB7670AB4E3}"
EndProject
Project("{FAE04EC0-301F-11D3-BF4B-00C04F79EFBC}") = "OpenToolkit.GraphicsLibraryFramework", "RobustToolbox\OpenToolkit.GraphicsLibraryFramework\OpenToolkit.GraphicsLibraryFramework.csproj", "{6E9EFBDA-DC7F-4AFE-8BEF-D75C71FFB11F}"
EndProject
Project("{2150E333-8FDC-42A3-9474-1A3956D46DE8}") = "Robust.LoaderApi", "Robust.LoaderApi", "{EDB842C6-67AE-4F0E-A9F2-09C2DF1024C9}"
EndProject
Project("{FAE04EC0-301F-11D3-BF4B-00C04F79EFBC}") = "Robust.LoaderApi", "RobustToolbox\Robust.LoaderApi\Robust.LoaderApi\Robust.LoaderApi.csproj", "{EC94C69F-F0E2-44B0-BE5E-C385BECB6AD3}"
EndProject
Project("{2150E333-8FDC-42A3-9474-1A3956D46DE8}") = "ManagedHttpListener", "ManagedHttpListener", "{154B8514-C668-4BFC-AC03-C1CC9D220640}"
EndProject
Project("{FAE04EC0-301F-11D3-BF4B-00C04F79EFBC}") = "System.Net.HttpListener", "RobustToolbox\ManagedHttpListener\src\System.Net.HttpListener.csproj", "{389B974A-4FB9-4679-B91D-29FBB5904018}"
EndProject
Project("{FAE04EC0-301F-11D3-BF4B-00C04F79EFBC}") = "Robust.Client.NameGenerator", "RobustToolbox\Robust.Client.NameGenerator\Robust.Client.NameGenerator.csproj", "{AF551ED1-6F07-4035-8ADE-E647A9E533AB}"
EndProject
Project("{FAE04EC0-301F-11D3-BF4B-00C04F79EFBC}") = "Robust.Client.Injectors", "RobustToolbox\Robust.Client.Injectors\Robust.Client.Injectors.csproj", "{8A30B42B-6897-4218-9932-AA348D4A4983}"
EndProject
Project("{FAE04EC0-301F-11D3-BF4B-00C04F79EFBC}") = "Robust.Analyzers", "RobustToolbox\Robust.Analyzers\Robust.Analyzers.csproj", "{D56D47F6-2C26-42D2-BA00-C39824CFAF55}"
EndProject
Project("{FAE04EC0-301F-11D3-BF4B-00C04F79EFBC}") = "Robust.Generators", "RobustToolbox\Robust.Generators\Robust.Generators.csproj", "{62452255-1DE7-4D37-BB01-A690EC7E3156}"
EndProject
Project("{FAE04EC0-301F-11D3-BF4B-00C04F79EFBC}") = "Avalonia.Base", "RobustToolbox\Avalonia.Base\Avalonia.Base.csproj", "{A7C80535-9577-4DE1-9544-A2CC4FB6511C}"
EndProject
Project("{2150E333-8FDC-42A3-9474-1A3956D46DE8}") = "Linguini", "Linguini", "{583E0C7C-27ED-4932-8E87-6EDECCFF4D02}"
EndProject
Project("{FAE04EC0-301F-11D3-BF4B-00C04F79EFBC}") = "Linguini.Bundle", "RobustToolbox\Linguini\Linguini.Bundle\Linguini.Bundle.csproj", "{06A6E3B2-4BBF-4DC9-A557-D5A653D8F80A}"
EndProject
Project("{FAE04EC0-301F-11D3-BF4B-00C04F79EFBC}") = "Linguini.Shared", "RobustToolbox\Linguini\Linguini.Shared\Linguini.Shared.csproj", "{7787AC86-8CE7-48A7-A6DA-62DE9BAD279D}"
EndProject
Project("{FAE04EC0-301F-11D3-BF4B-00C04F79EFBC}") = "Linguini.Syntax", "RobustToolbox\Linguini\Linguini.Syntax\Linguini.Syntax.csproj", "{17C94BF2-150B-46F9-8A02-AAD155F3FAD0}"
EndProject
Project("{FAE04EC0-301F-11D3-BF4B-00C04F79EFBC}") = "PluralRules.Generator", "RobustToolbox\Linguini\PluralRules.Generator\PluralRules.Generator.csproj", "{B8841793-F428-4244-9A91-40C2CF69CA95}"
EndProject
Global
	GlobalSection(SolutionConfigurationPlatforms) = preSolution
		Debug|Any CPU = Debug|Any CPU
		Debug|x64 = Debug|x64
		Debug|x86 = Debug|x86
		Release|Any CPU = Release|Any CPU
		Release|x64 = Release|x64
		Release|x86 = Release|x86
	EndGlobalSection
	GlobalSection(SolutionProperties) = preSolution
		HideSolutionNode = FALSE
	EndGlobalSection
	GlobalSection(ProjectConfigurationPlatforms) = postSolution
		{F2524BEF-CD40-4F05-8BB8-87102E573D03}.Debug|Any CPU.ActiveCfg = Debug|Any CPU
		{F2524BEF-CD40-4F05-8BB8-87102E573D03}.Debug|Any CPU.Build.0 = Debug|Any CPU
		{F2524BEF-CD40-4F05-8BB8-87102E573D03}.Debug|x64.ActiveCfg = Debug|Any CPU
		{F2524BEF-CD40-4F05-8BB8-87102E573D03}.Debug|x64.Build.0 = Debug|Any CPU
		{F2524BEF-CD40-4F05-8BB8-87102E573D03}.Debug|x86.ActiveCfg = Debug|Any CPU
		{F2524BEF-CD40-4F05-8BB8-87102E573D03}.Debug|x86.Build.0 = Debug|Any CPU
		{F2524BEF-CD40-4F05-8BB8-87102E573D03}.Release|Any CPU.ActiveCfg = Release|Any CPU
		{F2524BEF-CD40-4F05-8BB8-87102E573D03}.Release|Any CPU.Build.0 = Release|Any CPU
		{F2524BEF-CD40-4F05-8BB8-87102E573D03}.Release|x64.ActiveCfg = Release|Any CPU
		{F2524BEF-CD40-4F05-8BB8-87102E573D03}.Release|x64.Build.0 = Release|Any CPU
		{F2524BEF-CD40-4F05-8BB8-87102E573D03}.Release|x86.ActiveCfg = Release|Any CPU
		{F2524BEF-CD40-4F05-8BB8-87102E573D03}.Release|x86.Build.0 = Release|Any CPU
		{2A829DE3-FCB2-4FEA-A6F3-B85122C8D11E}.Debug|Any CPU.ActiveCfg = Debug|Any CPU
		{2A829DE3-FCB2-4FEA-A6F3-B85122C8D11E}.Debug|Any CPU.Build.0 = Debug|Any CPU
		{2A829DE3-FCB2-4FEA-A6F3-B85122C8D11E}.Debug|x64.ActiveCfg = Debug|Any CPU
		{2A829DE3-FCB2-4FEA-A6F3-B85122C8D11E}.Debug|x64.Build.0 = Debug|Any CPU
		{2A829DE3-FCB2-4FEA-A6F3-B85122C8D11E}.Debug|x86.ActiveCfg = Debug|Any CPU
		{2A829DE3-FCB2-4FEA-A6F3-B85122C8D11E}.Debug|x86.Build.0 = Debug|Any CPU
		{2A829DE3-FCB2-4FEA-A6F3-B85122C8D11E}.Release|Any CPU.ActiveCfg = Release|Any CPU
		{2A829DE3-FCB2-4FEA-A6F3-B85122C8D11E}.Release|Any CPU.Build.0 = Release|Any CPU
		{2A829DE3-FCB2-4FEA-A6F3-B85122C8D11E}.Release|x64.ActiveCfg = Release|Any CPU
		{2A829DE3-FCB2-4FEA-A6F3-B85122C8D11E}.Release|x64.Build.0 = Release|Any CPU
		{2A829DE3-FCB2-4FEA-A6F3-B85122C8D11E}.Release|x86.ActiveCfg = Release|Any CPU
		{2A829DE3-FCB2-4FEA-A6F3-B85122C8D11E}.Release|x86.Build.0 = Release|Any CPU
		{97EBBD32-8980-4243-9F90-BC7075B3EC8F}.Debug|Any CPU.ActiveCfg = Debug|Any CPU
		{97EBBD32-8980-4243-9F90-BC7075B3EC8F}.Debug|Any CPU.Build.0 = Debug|Any CPU
		{97EBBD32-8980-4243-9F90-BC7075B3EC8F}.Debug|x64.ActiveCfg = Debug|Any CPU
		{97EBBD32-8980-4243-9F90-BC7075B3EC8F}.Debug|x64.Build.0 = Debug|Any CPU
		{97EBBD32-8980-4243-9F90-BC7075B3EC8F}.Debug|x86.ActiveCfg = Debug|Any CPU
		{97EBBD32-8980-4243-9F90-BC7075B3EC8F}.Debug|x86.Build.0 = Debug|Any CPU
		{97EBBD32-8980-4243-9F90-BC7075B3EC8F}.Release|Any CPU.ActiveCfg = Release|Any CPU
		{97EBBD32-8980-4243-9F90-BC7075B3EC8F}.Release|Any CPU.Build.0 = Release|Any CPU
		{97EBBD32-8980-4243-9F90-BC7075B3EC8F}.Release|x64.ActiveCfg = Release|Any CPU
		{97EBBD32-8980-4243-9F90-BC7075B3EC8F}.Release|x64.Build.0 = Release|Any CPU
		{97EBBD32-8980-4243-9F90-BC7075B3EC8F}.Release|x86.ActiveCfg = Release|Any CPU
		{97EBBD32-8980-4243-9F90-BC7075B3EC8F}.Release|x86.Build.0 = Release|Any CPU
		{B4D5BABE-B7C5-4D73-9F8F-B5411866A1BE}.Debug|Any CPU.ActiveCfg = Debug|Any CPU
		{B4D5BABE-B7C5-4D73-9F8F-B5411866A1BE}.Debug|Any CPU.Build.0 = Debug|Any CPU
		{B4D5BABE-B7C5-4D73-9F8F-B5411866A1BE}.Debug|x64.ActiveCfg = Debug|Any CPU
		{B4D5BABE-B7C5-4D73-9F8F-B5411866A1BE}.Debug|x64.Build.0 = Debug|Any CPU
		{B4D5BABE-B7C5-4D73-9F8F-B5411866A1BE}.Debug|x86.ActiveCfg = Debug|Any CPU
		{B4D5BABE-B7C5-4D73-9F8F-B5411866A1BE}.Debug|x86.Build.0 = Debug|Any CPU
		{B4D5BABE-B7C5-4D73-9F8F-B5411866A1BE}.Release|Any CPU.ActiveCfg = Release|Any CPU
		{B4D5BABE-B7C5-4D73-9F8F-B5411866A1BE}.Release|Any CPU.Build.0 = Release|Any CPU
		{B4D5BABE-B7C5-4D73-9F8F-B5411866A1BE}.Release|x64.ActiveCfg = Release|Any CPU
		{B4D5BABE-B7C5-4D73-9F8F-B5411866A1BE}.Release|x64.Build.0 = Release|Any CPU
		{B4D5BABE-B7C5-4D73-9F8F-B5411866A1BE}.Release|x86.ActiveCfg = Release|Any CPU
		{B4D5BABE-B7C5-4D73-9F8F-B5411866A1BE}.Release|x86.Build.0 = Release|Any CPU
		{09D5BA00-5066-4FDF-81C5-DC5E469DB11F}.Debug|Any CPU.ActiveCfg = Debug|Any CPU
		{09D5BA00-5066-4FDF-81C5-DC5E469DB11F}.Debug|Any CPU.Build.0 = Debug|Any CPU
		{09D5BA00-5066-4FDF-81C5-DC5E469DB11F}.Debug|x64.ActiveCfg = Debug|Any CPU
		{09D5BA00-5066-4FDF-81C5-DC5E469DB11F}.Debug|x64.Build.0 = Debug|Any CPU
		{09D5BA00-5066-4FDF-81C5-DC5E469DB11F}.Debug|x86.ActiveCfg = Debug|Any CPU
		{09D5BA00-5066-4FDF-81C5-DC5E469DB11F}.Debug|x86.Build.0 = Debug|Any CPU
		{09D5BA00-5066-4FDF-81C5-DC5E469DB11F}.Release|Any CPU.ActiveCfg = Release|Any CPU
		{09D5BA00-5066-4FDF-81C5-DC5E469DB11F}.Release|Any CPU.Build.0 = Release|Any CPU
		{09D5BA00-5066-4FDF-81C5-DC5E469DB11F}.Release|x64.ActiveCfg = Release|Any CPU
		{09D5BA00-5066-4FDF-81C5-DC5E469DB11F}.Release|x64.Build.0 = Release|Any CPU
		{09D5BA00-5066-4FDF-81C5-DC5E469DB11F}.Release|x86.ActiveCfg = Release|Any CPU
		{09D5BA00-5066-4FDF-81C5-DC5E469DB11F}.Release|x86.Build.0 = Release|Any CPU
		{7B565BBE-97BE-4964-BA30-E9B8F70978ED}.Debug|Any CPU.ActiveCfg = Debug|Any CPU
		{7B565BBE-97BE-4964-BA30-E9B8F70978ED}.Debug|Any CPU.Build.0 = Debug|Any CPU
		{7B565BBE-97BE-4964-BA30-E9B8F70978ED}.Debug|x64.ActiveCfg = Debug|Any CPU
		{7B565BBE-97BE-4964-BA30-E9B8F70978ED}.Debug|x64.Build.0 = Debug|Any CPU
		{7B565BBE-97BE-4964-BA30-E9B8F70978ED}.Debug|x86.ActiveCfg = Debug|Any CPU
		{7B565BBE-97BE-4964-BA30-E9B8F70978ED}.Debug|x86.Build.0 = Debug|Any CPU
		{7B565BBE-97BE-4964-BA30-E9B8F70978ED}.Release|Any CPU.ActiveCfg = Release|Any CPU
		{7B565BBE-97BE-4964-BA30-E9B8F70978ED}.Release|Any CPU.Build.0 = Release|Any CPU
		{7B565BBE-97BE-4964-BA30-E9B8F70978ED}.Release|x64.ActiveCfg = Release|Any CPU
		{7B565BBE-97BE-4964-BA30-E9B8F70978ED}.Release|x64.Build.0 = Release|Any CPU
		{7B565BBE-97BE-4964-BA30-E9B8F70978ED}.Release|x86.ActiveCfg = Release|Any CPU
		{7B565BBE-97BE-4964-BA30-E9B8F70978ED}.Release|x86.Build.0 = Release|Any CPU
		{7D6AC09C-D5A1-436E-9437-BD3B3FCD3B64}.Debug|Any CPU.ActiveCfg = Debug|Any CPU
		{7D6AC09C-D5A1-436E-9437-BD3B3FCD3B64}.Debug|Any CPU.Build.0 = Debug|Any CPU
		{7D6AC09C-D5A1-436E-9437-BD3B3FCD3B64}.Debug|x64.ActiveCfg = Debug|Any CPU
		{7D6AC09C-D5A1-436E-9437-BD3B3FCD3B64}.Debug|x64.Build.0 = Debug|Any CPU
		{7D6AC09C-D5A1-436E-9437-BD3B3FCD3B64}.Debug|x86.ActiveCfg = Debug|Any CPU
		{7D6AC09C-D5A1-436E-9437-BD3B3FCD3B64}.Debug|x86.Build.0 = Debug|Any CPU
		{7D6AC09C-D5A1-436E-9437-BD3B3FCD3B64}.Release|Any CPU.ActiveCfg = Release|Any CPU
		{7D6AC09C-D5A1-436E-9437-BD3B3FCD3B64}.Release|Any CPU.Build.0 = Release|Any CPU
		{7D6AC09C-D5A1-436E-9437-BD3B3FCD3B64}.Release|x64.ActiveCfg = Release|Any CPU
		{7D6AC09C-D5A1-436E-9437-BD3B3FCD3B64}.Release|x64.Build.0 = Release|Any CPU
		{7D6AC09C-D5A1-436E-9437-BD3B3FCD3B64}.Release|x86.ActiveCfg = Release|Any CPU
		{7D6AC09C-D5A1-436E-9437-BD3B3FCD3B64}.Release|x86.Build.0 = Release|Any CPU
		{12D598FD-8FFA-4BAF-8594-FDB9834144FF}.Debug|Any CPU.ActiveCfg = Debug|Any CPU
		{12D598FD-8FFA-4BAF-8594-FDB9834144FF}.Debug|Any CPU.Build.0 = Debug|Any CPU
		{12D598FD-8FFA-4BAF-8594-FDB9834144FF}.Debug|x64.ActiveCfg = Debug|Any CPU
		{12D598FD-8FFA-4BAF-8594-FDB9834144FF}.Debug|x64.Build.0 = Debug|Any CPU
		{12D598FD-8FFA-4BAF-8594-FDB9834144FF}.Debug|x86.ActiveCfg = Debug|Any CPU
		{12D598FD-8FFA-4BAF-8594-FDB9834144FF}.Debug|x86.Build.0 = Debug|Any CPU
		{12D598FD-8FFA-4BAF-8594-FDB9834144FF}.Release|Any CPU.ActiveCfg = Release|Any CPU
		{12D598FD-8FFA-4BAF-8594-FDB9834144FF}.Release|Any CPU.Build.0 = Release|Any CPU
		{12D598FD-8FFA-4BAF-8594-FDB9834144FF}.Release|x64.ActiveCfg = Release|Any CPU
		{12D598FD-8FFA-4BAF-8594-FDB9834144FF}.Release|x64.Build.0 = Release|Any CPU
		{12D598FD-8FFA-4BAF-8594-FDB9834144FF}.Release|x86.ActiveCfg = Release|Any CPU
		{12D598FD-8FFA-4BAF-8594-FDB9834144FF}.Release|x86.Build.0 = Release|Any CPU
		{7380FFC8-AFEF-4B66-8426-2D8E34221CF4}.Debug|Any CPU.ActiveCfg = Debug|Any CPU
		{7380FFC8-AFEF-4B66-8426-2D8E34221CF4}.Debug|Any CPU.Build.0 = Debug|Any CPU
		{7380FFC8-AFEF-4B66-8426-2D8E34221CF4}.Debug|x64.ActiveCfg = Debug|Any CPU
		{7380FFC8-AFEF-4B66-8426-2D8E34221CF4}.Debug|x64.Build.0 = Debug|Any CPU
		{7380FFC8-AFEF-4B66-8426-2D8E34221CF4}.Debug|x86.ActiveCfg = Debug|Any CPU
		{7380FFC8-AFEF-4B66-8426-2D8E34221CF4}.Debug|x86.Build.0 = Debug|Any CPU
		{7380FFC8-AFEF-4B66-8426-2D8E34221CF4}.Release|Any CPU.ActiveCfg = Release|Any CPU
		{7380FFC8-AFEF-4B66-8426-2D8E34221CF4}.Release|Any CPU.Build.0 = Release|Any CPU
		{7380FFC8-AFEF-4B66-8426-2D8E34221CF4}.Release|x64.ActiveCfg = Release|Any CPU
		{7380FFC8-AFEF-4B66-8426-2D8E34221CF4}.Release|x64.Build.0 = Release|Any CPU
		{7380FFC8-AFEF-4B66-8426-2D8E34221CF4}.Release|x86.ActiveCfg = Release|Any CPU
		{7380FFC8-AFEF-4B66-8426-2D8E34221CF4}.Release|x86.Build.0 = Release|Any CPU
		{A406137A-DEC7-4CC5-99A8-6595ACC70B92}.Debug|Any CPU.ActiveCfg = Debug|Any CPU
		{A406137A-DEC7-4CC5-99A8-6595ACC70B92}.Debug|Any CPU.Build.0 = Debug|Any CPU
		{A406137A-DEC7-4CC5-99A8-6595ACC70B92}.Debug|x64.ActiveCfg = Debug|Any CPU
		{A406137A-DEC7-4CC5-99A8-6595ACC70B92}.Debug|x64.Build.0 = Debug|Any CPU
		{A406137A-DEC7-4CC5-99A8-6595ACC70B92}.Debug|x86.ActiveCfg = Debug|Any CPU
		{A406137A-DEC7-4CC5-99A8-6595ACC70B92}.Debug|x86.Build.0 = Debug|Any CPU
		{A406137A-DEC7-4CC5-99A8-6595ACC70B92}.Release|Any CPU.ActiveCfg = Release|Any CPU
		{A406137A-DEC7-4CC5-99A8-6595ACC70B92}.Release|Any CPU.Build.0 = Release|Any CPU
		{A406137A-DEC7-4CC5-99A8-6595ACC70B92}.Release|x64.ActiveCfg = Release|Any CPU
		{A406137A-DEC7-4CC5-99A8-6595ACC70B92}.Release|x64.Build.0 = Release|Any CPU
		{A406137A-DEC7-4CC5-99A8-6595ACC70B92}.Release|x86.ActiveCfg = Release|Any CPU
		{A406137A-DEC7-4CC5-99A8-6595ACC70B92}.Release|x86.Build.0 = Release|Any CPU
		{19BC1F51-45E8-4BA6-854C-FDB7670AB4E3}.Debug|Any CPU.ActiveCfg = Debug|Any CPU
		{19BC1F51-45E8-4BA6-854C-FDB7670AB4E3}.Debug|Any CPU.Build.0 = Debug|Any CPU
		{19BC1F51-45E8-4BA6-854C-FDB7670AB4E3}.Debug|x64.ActiveCfg = Debug|Any CPU
		{19BC1F51-45E8-4BA6-854C-FDB7670AB4E3}.Debug|x64.Build.0 = Debug|Any CPU
		{19BC1F51-45E8-4BA6-854C-FDB7670AB4E3}.Debug|x86.ActiveCfg = Debug|Any CPU
		{19BC1F51-45E8-4BA6-854C-FDB7670AB4E3}.Debug|x86.Build.0 = Debug|Any CPU
		{19BC1F51-45E8-4BA6-854C-FDB7670AB4E3}.Release|Any CPU.ActiveCfg = Release|Any CPU
		{19BC1F51-45E8-4BA6-854C-FDB7670AB4E3}.Release|Any CPU.Build.0 = Release|Any CPU
		{19BC1F51-45E8-4BA6-854C-FDB7670AB4E3}.Release|x64.ActiveCfg = Release|Any CPU
		{19BC1F51-45E8-4BA6-854C-FDB7670AB4E3}.Release|x64.Build.0 = Release|Any CPU
		{19BC1F51-45E8-4BA6-854C-FDB7670AB4E3}.Release|x86.ActiveCfg = Release|Any CPU
		{19BC1F51-45E8-4BA6-854C-FDB7670AB4E3}.Release|x86.Build.0 = Release|Any CPU
		{6E9EFBDA-DC7F-4AFE-8BEF-D75C71FFB11F}.Debug|Any CPU.ActiveCfg = Debug|Any CPU
		{6E9EFBDA-DC7F-4AFE-8BEF-D75C71FFB11F}.Debug|Any CPU.Build.0 = Debug|Any CPU
		{6E9EFBDA-DC7F-4AFE-8BEF-D75C71FFB11F}.Debug|x64.ActiveCfg = Debug|Any CPU
		{6E9EFBDA-DC7F-4AFE-8BEF-D75C71FFB11F}.Debug|x64.Build.0 = Debug|Any CPU
		{6E9EFBDA-DC7F-4AFE-8BEF-D75C71FFB11F}.Debug|x86.ActiveCfg = Debug|Any CPU
		{6E9EFBDA-DC7F-4AFE-8BEF-D75C71FFB11F}.Debug|x86.Build.0 = Debug|Any CPU
		{6E9EFBDA-DC7F-4AFE-8BEF-D75C71FFB11F}.Release|Any CPU.ActiveCfg = Release|Any CPU
		{6E9EFBDA-DC7F-4AFE-8BEF-D75C71FFB11F}.Release|Any CPU.Build.0 = Release|Any CPU
		{6E9EFBDA-DC7F-4AFE-8BEF-D75C71FFB11F}.Release|x64.ActiveCfg = Release|Any CPU
		{6E9EFBDA-DC7F-4AFE-8BEF-D75C71FFB11F}.Release|x64.Build.0 = Release|Any CPU
		{6E9EFBDA-DC7F-4AFE-8BEF-D75C71FFB11F}.Release|x86.ActiveCfg = Release|Any CPU
		{6E9EFBDA-DC7F-4AFE-8BEF-D75C71FFB11F}.Release|x86.Build.0 = Release|Any CPU
		{EC94C69F-F0E2-44B0-BE5E-C385BECB6AD3}.Debug|Any CPU.ActiveCfg = Debug|Any CPU
		{EC94C69F-F0E2-44B0-BE5E-C385BECB6AD3}.Debug|Any CPU.Build.0 = Debug|Any CPU
		{EC94C69F-F0E2-44B0-BE5E-C385BECB6AD3}.Debug|x64.ActiveCfg = Debug|Any CPU
		{EC94C69F-F0E2-44B0-BE5E-C385BECB6AD3}.Debug|x64.Build.0 = Debug|Any CPU
		{EC94C69F-F0E2-44B0-BE5E-C385BECB6AD3}.Debug|x86.ActiveCfg = Debug|Any CPU
		{EC94C69F-F0E2-44B0-BE5E-C385BECB6AD3}.Debug|x86.Build.0 = Debug|Any CPU
		{EC94C69F-F0E2-44B0-BE5E-C385BECB6AD3}.Release|Any CPU.ActiveCfg = Release|Any CPU
		{EC94C69F-F0E2-44B0-BE5E-C385BECB6AD3}.Release|Any CPU.Build.0 = Release|Any CPU
		{EC94C69F-F0E2-44B0-BE5E-C385BECB6AD3}.Release|x64.ActiveCfg = Release|Any CPU
		{EC94C69F-F0E2-44B0-BE5E-C385BECB6AD3}.Release|x64.Build.0 = Release|Any CPU
		{EC94C69F-F0E2-44B0-BE5E-C385BECB6AD3}.Release|x86.ActiveCfg = Release|Any CPU
		{EC94C69F-F0E2-44B0-BE5E-C385BECB6AD3}.Release|x86.Build.0 = Release|Any CPU
		{389B974A-4FB9-4679-B91D-29FBB5904018}.Debug|Any CPU.ActiveCfg = Debug|Any CPU
		{389B974A-4FB9-4679-B91D-29FBB5904018}.Debug|Any CPU.Build.0 = Debug|Any CPU
		{389B974A-4FB9-4679-B91D-29FBB5904018}.Debug|x64.ActiveCfg = Debug|Any CPU
		{389B974A-4FB9-4679-B91D-29FBB5904018}.Debug|x64.Build.0 = Debug|Any CPU
		{389B974A-4FB9-4679-B91D-29FBB5904018}.Debug|x86.ActiveCfg = Debug|Any CPU
		{389B974A-4FB9-4679-B91D-29FBB5904018}.Debug|x86.Build.0 = Debug|Any CPU
		{389B974A-4FB9-4679-B91D-29FBB5904018}.Release|Any CPU.ActiveCfg = Release|Any CPU
		{389B974A-4FB9-4679-B91D-29FBB5904018}.Release|Any CPU.Build.0 = Release|Any CPU
		{389B974A-4FB9-4679-B91D-29FBB5904018}.Release|x64.ActiveCfg = Release|Any CPU
		{389B974A-4FB9-4679-B91D-29FBB5904018}.Release|x64.Build.0 = Release|Any CPU
		{389B974A-4FB9-4679-B91D-29FBB5904018}.Release|x86.ActiveCfg = Release|Any CPU
		{389B974A-4FB9-4679-B91D-29FBB5904018}.Release|x86.Build.0 = Release|Any CPU
		{AF551ED1-6F07-4035-8ADE-E647A9E533AB}.Debug|Any CPU.ActiveCfg = Debug|Any CPU
		{AF551ED1-6F07-4035-8ADE-E647A9E533AB}.Debug|Any CPU.Build.0 = Debug|Any CPU
		{AF551ED1-6F07-4035-8ADE-E647A9E533AB}.Debug|x64.ActiveCfg = Debug|Any CPU
		{AF551ED1-6F07-4035-8ADE-E647A9E533AB}.Debug|x64.Build.0 = Debug|Any CPU
		{AF551ED1-6F07-4035-8ADE-E647A9E533AB}.Debug|x86.ActiveCfg = Debug|Any CPU
		{AF551ED1-6F07-4035-8ADE-E647A9E533AB}.Debug|x86.Build.0 = Debug|Any CPU
		{AF551ED1-6F07-4035-8ADE-E647A9E533AB}.Release|Any CPU.ActiveCfg = Release|Any CPU
		{AF551ED1-6F07-4035-8ADE-E647A9E533AB}.Release|Any CPU.Build.0 = Release|Any CPU
		{AF551ED1-6F07-4035-8ADE-E647A9E533AB}.Release|x64.ActiveCfg = Release|Any CPU
		{AF551ED1-6F07-4035-8ADE-E647A9E533AB}.Release|x64.Build.0 = Release|Any CPU
		{AF551ED1-6F07-4035-8ADE-E647A9E533AB}.Release|x86.ActiveCfg = Release|Any CPU
		{AF551ED1-6F07-4035-8ADE-E647A9E533AB}.Release|x86.Build.0 = Release|Any CPU
		{8A30B42B-6897-4218-9932-AA348D4A4983}.Debug|Any CPU.ActiveCfg = Debug|Any CPU
		{8A30B42B-6897-4218-9932-AA348D4A4983}.Debug|Any CPU.Build.0 = Debug|Any CPU
		{8A30B42B-6897-4218-9932-AA348D4A4983}.Debug|x64.ActiveCfg = Debug|Any CPU
		{8A30B42B-6897-4218-9932-AA348D4A4983}.Debug|x64.Build.0 = Debug|Any CPU
		{8A30B42B-6897-4218-9932-AA348D4A4983}.Debug|x86.ActiveCfg = Debug|Any CPU
		{8A30B42B-6897-4218-9932-AA348D4A4983}.Debug|x86.Build.0 = Debug|Any CPU
		{8A30B42B-6897-4218-9932-AA348D4A4983}.Release|Any CPU.ActiveCfg = Release|Any CPU
		{8A30B42B-6897-4218-9932-AA348D4A4983}.Release|Any CPU.Build.0 = Release|Any CPU
		{8A30B42B-6897-4218-9932-AA348D4A4983}.Release|x64.ActiveCfg = Release|Any CPU
		{8A30B42B-6897-4218-9932-AA348D4A4983}.Release|x64.Build.0 = Release|Any CPU
		{8A30B42B-6897-4218-9932-AA348D4A4983}.Release|x86.ActiveCfg = Release|Any CPU
		{8A30B42B-6897-4218-9932-AA348D4A4983}.Release|x86.Build.0 = Release|Any CPU
		{D56D47F6-2C26-42D2-BA00-C39824CFAF55}.Debug|Any CPU.ActiveCfg = Debug|Any CPU
		{D56D47F6-2C26-42D2-BA00-C39824CFAF55}.Debug|Any CPU.Build.0 = Debug|Any CPU
		{D56D47F6-2C26-42D2-BA00-C39824CFAF55}.Debug|x64.ActiveCfg = Debug|Any CPU
		{D56D47F6-2C26-42D2-BA00-C39824CFAF55}.Debug|x64.Build.0 = Debug|Any CPU
		{D56D47F6-2C26-42D2-BA00-C39824CFAF55}.Debug|x86.ActiveCfg = Debug|Any CPU
		{D56D47F6-2C26-42D2-BA00-C39824CFAF55}.Debug|x86.Build.0 = Debug|Any CPU
		{D56D47F6-2C26-42D2-BA00-C39824CFAF55}.Release|Any CPU.ActiveCfg = Release|Any CPU
		{D56D47F6-2C26-42D2-BA00-C39824CFAF55}.Release|Any CPU.Build.0 = Release|Any CPU
		{D56D47F6-2C26-42D2-BA00-C39824CFAF55}.Release|x64.ActiveCfg = Release|Any CPU
		{D56D47F6-2C26-42D2-BA00-C39824CFAF55}.Release|x64.Build.0 = Release|Any CPU
		{D56D47F6-2C26-42D2-BA00-C39824CFAF55}.Release|x86.ActiveCfg = Release|Any CPU
		{D56D47F6-2C26-42D2-BA00-C39824CFAF55}.Release|x86.Build.0 = Release|Any CPU
		{62452255-1DE7-4D37-BB01-A690EC7E3156}.Debug|Any CPU.ActiveCfg = Debug|Any CPU
		{62452255-1DE7-4D37-BB01-A690EC7E3156}.Debug|Any CPU.Build.0 = Debug|Any CPU
		{62452255-1DE7-4D37-BB01-A690EC7E3156}.Debug|x64.ActiveCfg = Debug|Any CPU
		{62452255-1DE7-4D37-BB01-A690EC7E3156}.Debug|x64.Build.0 = Debug|Any CPU
		{62452255-1DE7-4D37-BB01-A690EC7E3156}.Debug|x86.ActiveCfg = Debug|Any CPU
		{62452255-1DE7-4D37-BB01-A690EC7E3156}.Debug|x86.Build.0 = Debug|Any CPU
		{62452255-1DE7-4D37-BB01-A690EC7E3156}.Release|Any CPU.ActiveCfg = Release|Any CPU
		{62452255-1DE7-4D37-BB01-A690EC7E3156}.Release|Any CPU.Build.0 = Release|Any CPU
		{62452255-1DE7-4D37-BB01-A690EC7E3156}.Release|x64.ActiveCfg = Release|Any CPU
		{62452255-1DE7-4D37-BB01-A690EC7E3156}.Release|x64.Build.0 = Release|Any CPU
		{62452255-1DE7-4D37-BB01-A690EC7E3156}.Release|x86.ActiveCfg = Release|Any CPU
		{62452255-1DE7-4D37-BB01-A690EC7E3156}.Release|x86.Build.0 = Release|Any CPU
		{A7C80535-9577-4DE1-9544-A2CC4FB6511C}.Debug|Any CPU.ActiveCfg = Debug|Any CPU
		{A7C80535-9577-4DE1-9544-A2CC4FB6511C}.Debug|Any CPU.Build.0 = Debug|Any CPU
		{A7C80535-9577-4DE1-9544-A2CC4FB6511C}.Debug|x64.ActiveCfg = Debug|Any CPU
		{A7C80535-9577-4DE1-9544-A2CC4FB6511C}.Debug|x64.Build.0 = Debug|Any CPU
		{A7C80535-9577-4DE1-9544-A2CC4FB6511C}.Debug|x86.ActiveCfg = Debug|Any CPU
		{A7C80535-9577-4DE1-9544-A2CC4FB6511C}.Debug|x86.Build.0 = Debug|Any CPU
		{A7C80535-9577-4DE1-9544-A2CC4FB6511C}.Release|Any CPU.ActiveCfg = Release|Any CPU
		{A7C80535-9577-4DE1-9544-A2CC4FB6511C}.Release|Any CPU.Build.0 = Release|Any CPU
		{A7C80535-9577-4DE1-9544-A2CC4FB6511C}.Release|x64.ActiveCfg = Release|Any CPU
		{A7C80535-9577-4DE1-9544-A2CC4FB6511C}.Release|x64.Build.0 = Release|Any CPU
		{A7C80535-9577-4DE1-9544-A2CC4FB6511C}.Release|x86.ActiveCfg = Release|Any CPU
		{A7C80535-9577-4DE1-9544-A2CC4FB6511C}.Release|x86.Build.0 = Release|Any CPU
		{06A6E3B2-4BBF-4DC9-A557-D5A653D8F80A}.Debug|Any CPU.ActiveCfg = Debug|Any CPU
		{06A6E3B2-4BBF-4DC9-A557-D5A653D8F80A}.Debug|Any CPU.Build.0 = Debug|Any CPU
		{06A6E3B2-4BBF-4DC9-A557-D5A653D8F80A}.Debug|x64.ActiveCfg = Debug|Any CPU
		{06A6E3B2-4BBF-4DC9-A557-D5A653D8F80A}.Debug|x64.Build.0 = Debug|Any CPU
		{06A6E3B2-4BBF-4DC9-A557-D5A653D8F80A}.Debug|x86.ActiveCfg = Debug|Any CPU
		{06A6E3B2-4BBF-4DC9-A557-D5A653D8F80A}.Debug|x86.Build.0 = Debug|Any CPU
		{06A6E3B2-4BBF-4DC9-A557-D5A653D8F80A}.Release|Any CPU.ActiveCfg = Release|Any CPU
		{06A6E3B2-4BBF-4DC9-A557-D5A653D8F80A}.Release|Any CPU.Build.0 = Release|Any CPU
		{06A6E3B2-4BBF-4DC9-A557-D5A653D8F80A}.Release|x64.ActiveCfg = Release|Any CPU
		{06A6E3B2-4BBF-4DC9-A557-D5A653D8F80A}.Release|x64.Build.0 = Release|Any CPU
		{06A6E3B2-4BBF-4DC9-A557-D5A653D8F80A}.Release|x86.ActiveCfg = Release|Any CPU
		{06A6E3B2-4BBF-4DC9-A557-D5A653D8F80A}.Release|x86.Build.0 = Release|Any CPU
		{7787AC86-8CE7-48A7-A6DA-62DE9BAD279D}.Debug|Any CPU.ActiveCfg = Debug|Any CPU
		{7787AC86-8CE7-48A7-A6DA-62DE9BAD279D}.Debug|Any CPU.Build.0 = Debug|Any CPU
		{7787AC86-8CE7-48A7-A6DA-62DE9BAD279D}.Debug|x64.ActiveCfg = Debug|Any CPU
		{7787AC86-8CE7-48A7-A6DA-62DE9BAD279D}.Debug|x64.Build.0 = Debug|Any CPU
		{7787AC86-8CE7-48A7-A6DA-62DE9BAD279D}.Debug|x86.ActiveCfg = Debug|Any CPU
		{7787AC86-8CE7-48A7-A6DA-62DE9BAD279D}.Debug|x86.Build.0 = Debug|Any CPU
		{7787AC86-8CE7-48A7-A6DA-62DE9BAD279D}.Release|Any CPU.ActiveCfg = Release|Any CPU
		{7787AC86-8CE7-48A7-A6DA-62DE9BAD279D}.Release|Any CPU.Build.0 = Release|Any CPU
		{7787AC86-8CE7-48A7-A6DA-62DE9BAD279D}.Release|x64.ActiveCfg = Release|Any CPU
		{7787AC86-8CE7-48A7-A6DA-62DE9BAD279D}.Release|x64.Build.0 = Release|Any CPU
		{7787AC86-8CE7-48A7-A6DA-62DE9BAD279D}.Release|x86.ActiveCfg = Release|Any CPU
		{7787AC86-8CE7-48A7-A6DA-62DE9BAD279D}.Release|x86.Build.0 = Release|Any CPU
		{17C94BF2-150B-46F9-8A02-AAD155F3FAD0}.Debug|Any CPU.ActiveCfg = Debug|Any CPU
		{17C94BF2-150B-46F9-8A02-AAD155F3FAD0}.Debug|Any CPU.Build.0 = Debug|Any CPU
		{17C94BF2-150B-46F9-8A02-AAD155F3FAD0}.Debug|x64.ActiveCfg = Debug|Any CPU
		{17C94BF2-150B-46F9-8A02-AAD155F3FAD0}.Debug|x64.Build.0 = Debug|Any CPU
		{17C94BF2-150B-46F9-8A02-AAD155F3FAD0}.Debug|x86.ActiveCfg = Debug|Any CPU
		{17C94BF2-150B-46F9-8A02-AAD155F3FAD0}.Debug|x86.Build.0 = Debug|Any CPU
		{17C94BF2-150B-46F9-8A02-AAD155F3FAD0}.Release|Any CPU.ActiveCfg = Release|Any CPU
		{17C94BF2-150B-46F9-8A02-AAD155F3FAD0}.Release|Any CPU.Build.0 = Release|Any CPU
		{17C94BF2-150B-46F9-8A02-AAD155F3FAD0}.Release|x64.ActiveCfg = Release|Any CPU
		{17C94BF2-150B-46F9-8A02-AAD155F3FAD0}.Release|x64.Build.0 = Release|Any CPU
		{17C94BF2-150B-46F9-8A02-AAD155F3FAD0}.Release|x86.ActiveCfg = Release|Any CPU
		{17C94BF2-150B-46F9-8A02-AAD155F3FAD0}.Release|x86.Build.0 = Release|Any CPU
		{B8841793-F428-4244-9A91-40C2CF69CA95}.Debug|Any CPU.ActiveCfg = Debug|Any CPU
		{B8841793-F428-4244-9A91-40C2CF69CA95}.Debug|Any CPU.Build.0 = Debug|Any CPU
		{B8841793-F428-4244-9A91-40C2CF69CA95}.Debug|x64.ActiveCfg = Debug|Any CPU
		{B8841793-F428-4244-9A91-40C2CF69CA95}.Debug|x64.Build.0 = Debug|Any CPU
		{B8841793-F428-4244-9A91-40C2CF69CA95}.Debug|x86.ActiveCfg = Debug|Any CPU
		{B8841793-F428-4244-9A91-40C2CF69CA95}.Debug|x86.Build.0 = Debug|Any CPU
		{B8841793-F428-4244-9A91-40C2CF69CA95}.Release|Any CPU.ActiveCfg = Release|Any CPU
		{B8841793-F428-4244-9A91-40C2CF69CA95}.Release|Any CPU.Build.0 = Release|Any CPU
		{B8841793-F428-4244-9A91-40C2CF69CA95}.Release|x64.ActiveCfg = Release|Any CPU
		{B8841793-F428-4244-9A91-40C2CF69CA95}.Release|x64.Build.0 = Release|Any CPU
		{B8841793-F428-4244-9A91-40C2CF69CA95}.Release|x86.ActiveCfg = Release|Any CPU
		{B8841793-F428-4244-9A91-40C2CF69CA95}.Release|x86.Build.0 = Release|Any CPU
	EndGlobalSection
	GlobalSection(NestedProjects) = preSolution
		{2A829DE3-FCB2-4FEA-A6F3-B85122C8D11E} = {F5F87A9D-C304-4833-B107-D666317F6931}
		{97EBBD32-8980-4243-9F90-BC7075B3EC8F} = {F5F87A9D-C304-4833-B107-D666317F6931}
		{B4D5BABE-B7C5-4D73-9F8F-B5411866A1BE} = {F5F87A9D-C304-4833-B107-D666317F6931}
		{09D5BA00-5066-4FDF-81C5-DC5E469DB11F} = {F5F87A9D-C304-4833-B107-D666317F6931}
		{7B565BBE-97BE-4964-BA30-E9B8F70978ED} = {F5F87A9D-C304-4833-B107-D666317F6931}
		{FBA7FDE5-3884-4C46-A14E-3CDDC9091007} = {F5F87A9D-C304-4833-B107-D666317F6931}
		{7D6AC09C-D5A1-436E-9437-BD3B3FCD3B64} = {FBA7FDE5-3884-4C46-A14E-3CDDC9091007}
		{12D598FD-8FFA-4BAF-8594-FDB9834144FF} = {F5F87A9D-C304-4833-B107-D666317F6931}
		{7D767ECE-DA99-4941-ADF3-D89FB8A58719} = {F5F87A9D-C304-4833-B107-D666317F6931}
		{91AF0388-356D-4929-9A86-1B1F5196E921} = {7D767ECE-DA99-4941-ADF3-D89FB8A58719}
		{7380FFC8-AFEF-4B66-8426-2D8E34221CF4} = {91AF0388-356D-4929-9A86-1B1F5196E921}
		{A406137A-DEC7-4CC5-99A8-6595ACC70B92} = {91AF0388-356D-4929-9A86-1B1F5196E921}
		{19BC1F51-45E8-4BA6-854C-FDB7670AB4E3} = {91AF0388-356D-4929-9A86-1B1F5196E921}
		{6E9EFBDA-DC7F-4AFE-8BEF-D75C71FFB11F} = {F5F87A9D-C304-4833-B107-D666317F6931}
		{EDB842C6-67AE-4F0E-A9F2-09C2DF1024C9} = {F5F87A9D-C304-4833-B107-D666317F6931}
		{EC94C69F-F0E2-44B0-BE5E-C385BECB6AD3} = {EDB842C6-67AE-4F0E-A9F2-09C2DF1024C9}
		{154B8514-C668-4BFC-AC03-C1CC9D220640} = {F5F87A9D-C304-4833-B107-D666317F6931}
		{389B974A-4FB9-4679-B91D-29FBB5904018} = {154B8514-C668-4BFC-AC03-C1CC9D220640}
		{AF551ED1-6F07-4035-8ADE-E647A9E533AB} = {F5F87A9D-C304-4833-B107-D666317F6931}
		{8A30B42B-6897-4218-9932-AA348D4A4983} = {F5F87A9D-C304-4833-B107-D666317F6931}
		{D56D47F6-2C26-42D2-BA00-C39824CFAF55} = {F5F87A9D-C304-4833-B107-D666317F6931}
		{62452255-1DE7-4D37-BB01-A690EC7E3156} = {F5F87A9D-C304-4833-B107-D666317F6931}
		{A7C80535-9577-4DE1-9544-A2CC4FB6511C} = {F5F87A9D-C304-4833-B107-D666317F6931}
		{583E0C7C-27ED-4932-8E87-6EDECCFF4D02} = {F5F87A9D-C304-4833-B107-D666317F6931}
		{06A6E3B2-4BBF-4DC9-A557-D5A653D8F80A} = {583E0C7C-27ED-4932-8E87-6EDECCFF4D02}
		{7787AC86-8CE7-48A7-A6DA-62DE9BAD279D} = {583E0C7C-27ED-4932-8E87-6EDECCFF4D02}
		{17C94BF2-150B-46F9-8A02-AAD155F3FAD0} = {583E0C7C-27ED-4932-8E87-6EDECCFF4D02}
		{B8841793-F428-4244-9A91-40C2CF69CA95} = {583E0C7C-27ED-4932-8E87-6EDECCFF4D02}
	EndGlobalSection
EndGlobal
